
Microsoft Visual Studio Solution File, Format Version 12.00
# Visual Studio 15
VisualStudioVersion = 15.0.26403.0
MinimumVisualStudioVersion = 10.0.40219.1
Project("{FAE04EC0-301F-11D3-BF4B-00C04F79EFBC}") = "BetterValidations", "BetterValidations\BetterValidations.csproj", "{7DE162A4-0CDA-4B7E-8532-9502765FCF95}"
EndProject
Project("{FAE04EC0-301F-11D3-BF4B-00C04F79EFBC}") = "ServerAbstractions", "ServerAbstractions\ServerAbstractions.csproj", "{2B3C347F-F0FB-4F8A-AEFC-781F57ABCCAF}"
EndProject
Project("{FAE04EC0-301F-11D3-BF4B-00C04F79EFBC}") = "ServerComponents", "ServerComponents\ServerComponents.csproj", "{B0D9A37A-C57D-4BFE-8D32-DF88E7130F04}"
EndProject
Project("{FAE04EC0-301F-11D3-BF4B-00C04F79EFBC}") = "CoreAbstractions", "CoreAbstractions\CoreAbstractions.csproj", "{1F587C04-03FF-4E04-8C41-62ECF198A585}"
EndProject
Global
	GlobalSection(SolutionConfigurationPlatforms) = preSolution
		Debug|Any CPU = Debug|Any CPU
		Release|Any CPU = Release|Any CPU
	EndGlobalSection
	GlobalSection(ProjectConfigurationPlatforms) = postSolution
		{7DE162A4-0CDA-4B7E-8532-9502765FCF95}.Debug|Any CPU.ActiveCfg = Debug|Any CPU
		{7DE162A4-0CDA-4B7E-8532-9502765FCF95}.Debug|Any CPU.Build.0 = Debug|Any CPU
		{7DE162A4-0CDA-4B7E-8532-9502765FCF95}.Release|Any CPU.ActiveCfg = Release|Any CPU
		{7DE162A4-0CDA-4B7E-8532-9502765FCF95}.Release|Any CPU.Build.0 = Release|Any CPU
		{2B3C347F-F0FB-4F8A-AEFC-781F57ABCCAF}.Debug|Any CPU.ActiveCfg = Debug|Any CPU
		{2B3C347F-F0FB-4F8A-AEFC-781F57ABCCAF}.Debug|Any CPU.Build.0 = Debug|Any CPU
		{2B3C347F-F0FB-4F8A-AEFC-781F57ABCCAF}.Release|Any CPU.ActiveCfg = Release|Any CPU
		{2B3C347F-F0FB-4F8A-AEFC-781F57ABCCAF}.Release|Any CPU.Build.0 = Release|Any CPU
		{B0D9A37A-C57D-4BFE-8D32-DF88E7130F04}.Debug|Any CPU.ActiveCfg = Debug|Any CPU
		{B0D9A37A-C57D-4BFE-8D32-DF88E7130F04}.Debug|Any CPU.Build.0 = Debug|Any CPU
		{B0D9A37A-C57D-4BFE-8D32-DF88E7130F04}.Release|Any CPU.ActiveCfg = Release|Any CPU
		{B0D9A37A-C57D-4BFE-8D32-DF88E7130F04}.Release|Any CPU.Build.0 = Release|Any CPU
		{1F587C04-03FF-4E04-8C41-62ECF198A585}.Debug|Any CPU.ActiveCfg = Debug|Any CPU
		{1F587C04-03FF-4E04-8C41-62ECF198A585}.Debug|Any CPU.Build.0 = Debug|Any CPU
		{1F587C04-03FF-4E04-8C41-62ECF198A585}.Release|Any CPU.ActiveCfg = Release|Any CPU
		{1F587C04-03FF-4E04-8C41-62ECF198A585}.Release|Any CPU.Build.0 = Release|Any CPU
	EndGlobalSection
	GlobalSection(SolutionProperties) = preSolution
		HideSolutionNode = FALSE
	EndGlobalSection
EndGlobal
